%{
  "bimap": {:hex, :bimap, "1.1.1", "783a5f31423ffd608040985de1fc9bc17bd73c813fe79f3b3576ff574ad81d1c", [:mix], [], "hexpm", "861b630d470934ad4c5063ed795f865409473c41d80d9b897ae07f11049045ab"},
  "bunch": {:hex, :bunch, "1.3.0", "51b4423088b7fb9e21eae6d6bc5e5d219d955ea5556fbd6130bfb6213df4be32", [:mix], [], "hexpm", "9ad233a2bacc0dae8aa6553a9b9057f27446443b1c5903c3479b6f9f3820ce2d"},
  "bunch_native": {:hex, :bunch_native, "0.3.0", "a292baf340608d07bf2f2bbc7928a29648c15c90192e8f4c50b77ea16366d61c", [:mix], [{:bundlex, "~> 0.4.0", [hex: :bundlex, repo: "hexpm", optional: false]}], "hexpm", "8a3b4b4bc6de06f863469f6f06a0a37026bd87b0dcaa2dba688ea9da9b18b4c1"},
  "bundlex": {:hex, :bundlex, "0.4.1", "4bf149099cb6d12e8ec62601c66086442a427ff18eb6cd5fd6350451646d5db0", [:mix], [{:bunch, "~> 1.0", [hex: :bunch, repo: "hexpm", optional: false]}, {:qex, "~> 0.5", [hex: :qex, repo: "hexpm", optional: false]}, {:secure_random, "~> 0.5", [hex: :secure_random, repo: "hexpm", optional: false]}], "hexpm", "8779fe382555046edfc4efefc10a26867e3da9d5010f1b590a61dec210eedc32"},
  "coerce": {:hex, :coerce, "1.0.1", "211c27386315dc2894ac11bc1f413a0e38505d808153367bd5c6e75a4003d096", [:mix], [], "hexpm", "b44a691700f7a1a15b4b7e2ff1fa30bebd669929ac8aa43cffe9e2f8bf051cf1"},
  "connection": {:hex, :connection, "1.1.0", "ff2a49c4b75b6fb3e674bfc5536451607270aac754ffd1bdfe175abe4a6d7a68", [:mix], [], "hexpm", "722c1eb0a418fbe91ba7bd59a47e28008a189d47e37e0e7bb85585a016b2869c"},
  "cowboy": {:hex, :cowboy, "2.8.0", "f3dc62e35797ecd9ac1b50db74611193c29815401e53bac9a5c0577bd7bc667d", [:rebar3], [{:cowlib, "~> 2.9.1", [hex: :cowlib, repo: "hexpm", optional: false]}, {:ranch, "~> 1.7.1", [hex: :ranch, repo: "hexpm", optional: false]}], "hexpm", "4643e4fba74ac96d4d152c75803de6fad0b3fa5df354c71afdd6cbeeb15fac8a"},
  "cowboy_telemetry": {:hex, :cowboy_telemetry, "0.3.1", "ebd1a1d7aff97f27c66654e78ece187abdc646992714164380d8a041eda16754", [:rebar3], [{:cowboy, "~> 2.7", [hex: :cowboy, repo: "hexpm", optional: false]}, {:telemetry, "~> 0.4", [hex: :telemetry, repo: "hexpm", optional: false]}], "hexpm", "3a6efd3366130eab84ca372cbd4a7d3c3a97bdfcfb4911233b035d117063f0af"},
  "cowlib": {:hex, :cowlib, "2.9.1", "61a6c7c50cf07fdd24b2f45b89500bb93b6686579b069a89f88cb211e1125c78", [:rebar3], [], "hexpm", "e4175dc240a70d996156160891e1c62238ede1729e45740bdd38064dad476170"},
  "db_connection": {:hex, :db_connection, "2.4.0", "d04b1b73795dae60cead94189f1b8a51cc9e1f911c234cc23074017c43c031e5", [:mix], [{:connection, "~> 1.0", [hex: :connection, repo: "hexpm", optional: false]}, {:telemetry, "~> 0.4 or ~> 1.0", [hex: :telemetry, repo: "hexpm", optional: false]}], "hexpm", "ad416c21ad9f61b3103d254a71b63696ecadb6a917b36f563921e0de00d7d7c8"},
  "decimal": {:hex, :decimal, "2.0.0", "a78296e617b0f5dd4c6caf57c714431347912ffb1d0842e998e9792b5642d697", [:mix], [], "hexpm", "34666e9c55dea81013e77d9d87370fe6cb6291d1ef32f46a1600230b1d44f577"},
  "ecto": {:hex, :ecto, "3.6.1", "7bb317e3fd0179ad725069fd0fe8a28ebe48fec6282e964ea502e4deccb0bd0f", [:mix], [{:decimal, "~> 1.6 or ~> 2.0", [hex: :decimal, repo: "hexpm", optional: false]}, {:jason, "~> 1.0", [hex: :jason, repo: "hexpm", optional: true]}, {:telemetry, "~> 0.4", [hex: :telemetry, repo: "hexpm", optional: false]}], "hexpm", "cbb3294a990447b19f0725488a749f8cf806374e0d9d0dffc45d61e7aeaf6553"},
  "ecto_sql": {:hex, :ecto_sql, "3.6.1", "8774dc3fc0ff7b6be510858b99883640f990c0736b8ab54588f9a0c91807f909", [:mix], [{:db_connection, "~> 2.2", [hex: :db_connection, repo: "hexpm", optional: false]}, {:ecto, "~> 3.6.0", [hex: :ecto, repo: "hexpm", optional: false]}, {:myxql, "~> 0.4.0 or ~> 0.5.0", [hex: :myxql, repo: "hexpm", optional: true]}, {:postgrex, "~> 0.15.0 or ~> 1.0", [hex: :postgrex, repo: "hexpm", optional: true]}, {:tds, "~> 2.1.1", [hex: :tds, repo: "hexpm", optional: true]}, {:telemetry, "~> 0.4.0", [hex: :telemetry, repo: "hexpm", optional: false]}], "hexpm", "66f35c3f2d5978b6bffebd1e6351ab8c9d6b68650d62abd1ab8d149de40e0779"},
  "file_system": {:hex, :file_system, "0.2.10", "fb082005a9cd1711c05b5248710f8826b02d7d1784e7c3451f9c1231d4fc162d", [:mix], [], "hexpm", "41195edbfb562a593726eda3b3e8b103a309b733ad25f3d642ba49696bf715dc"},
  "floki": {:hex, :floki, "0.30.1", "75d35526d3a1459920b6e87fdbc2e0b8a3670f965dd0903708d2b267e0904c55", [:mix], [{:html_entities, "~> 0.5.0", [hex: :html_entities, repo: "hexpm", optional: false]}], "hexpm", "e9c03524447d1c4cbfccd672d739b8c18453eee377846b119d4fd71b1a176bb8"},
  "gettext": {:hex, :gettext, "0.18.2", "7df3ea191bb56c0309c00a783334b288d08a879f53a7014341284635850a6e55", [:mix], [], "hexpm", "f9f537b13d4fdd30f3039d33cb80144c3aa1f8d9698e47d7bcbcc8df93b1f5c5"},
  "html_entities": {:hex, :html_entities, "0.5.2", "9e47e70598da7de2a9ff6af8758399251db6dbb7eebe2b013f2bbd2515895c3c", [:mix], [], "hexpm", "c53ba390403485615623b9531e97696f076ed415e8d8058b1dbaa28181f4fdcc"},
  "jason": {:hex, :jason, "1.2.2", "ba43e3f2709fd1aa1dce90aaabfd039d000469c05c56f0b8e31978e03fa39052", [:mix], [{:decimal, "~> 1.0 or ~> 2.0", [hex: :decimal, repo: "hexpm", optional: true]}], "hexpm", "18a228f5f0058ee183f29f9eae0805c6e59d61c3b006760668d8d18ff0d12179"},
  "membrane_audiometer_plugin": {:hex, :membrane_audiometer_plugin, "0.4.0", "8b0cd1bd94cb10d9316d99bbb1f9844c05910c48a564ce8b87b5998c1bb64271", [:mix], [{:membrane_caps_audio_raw, "~> 0.3.0", [hex: :membrane_caps_audio_raw, repo: "hexpm", optional: false]}, {:membrane_core, "~> 0.6.0", [hex: :membrane_core, repo: "hexpm", optional: false]}], "hexpm", "c8a21e4763a3d964017e1101b02857fa35023d79884c3d4b4b3d719af62b113f"},
  "membrane_caps_audio_mpeg": {:hex, :membrane_caps_audio_mpeg, "0.2.0", "9cf9a63f03e25b31cf31445325aa68e60a07d36ee1e759caa1422fa45df49367", [:mix], [], "hexpm", "f7a80e4841d46164c148be880932ac7425329f4bcc32eb36ad2e47eafe5f23e4"},
  "membrane_caps_audio_raw": {:hex, :membrane_caps_audio_raw, "0.3.0", "9545f05fed89e139327ca82eb02ea1ada143d95b1ecd1ce2e0000faf8f3fa194", [:mix], [{:bimap, "~> 1.0", [hex: :bimap, repo: "hexpm", optional: false]}, {:bunch, "~> 1.0", [hex: :bunch, repo: "hexpm", optional: false]}, {:membrane_core, "~> 0.6.0", [hex: :membrane_core, repo: "hexpm", optional: false]}], "hexpm", "2a7eb10bd3a33b6d9532c8516b838927c300de766d901f2e63693b813fb38762"},
  "membrane_common_c": {:hex, :membrane_common_c, "0.5.0", "71ded0f230e89099a7f7091127f8b9ed82dc41456255956cbb71bf14931c828a", [:mix], [{:membrane_core, "~> 0.6.0", [hex: :membrane_core, repo: "hexpm", optional: false]}, {:shmex, "~> 0.3.0", [hex: :shmex, repo: "hexpm", optional: false]}, {:unifex, "~> 0.3.0", [hex: :unifex, repo: "hexpm", optional: false]}], "hexpm", "58716110c2006c0fc37d22046e945081db573622cddc4241bb4570f5bfbdc125"},
  "membrane_core": {:hex, :membrane_core, "0.6.1", "7c0396564ec1ac3533c253cd2410c87716cff24dee8acb8065dcf1f78b4b1785", [:mix], [{:bunch, "~> 1.3", [hex: :bunch, repo: "hexpm", optional: false]}, {:qex, "~> 0.3", [hex: :qex, repo: "hexpm", optional: false]}, {:ratio, "~> 2.0", [hex: :ratio, repo: "hexpm", optional: false]}, {:telemetry, "~> 0.4", [hex: :telemetry, repo: "hexpm", optional: false]}], "hexpm", "7f74eca2b1b5247e4e3869066117a586799a4d3d77516803956a4104b9b8ee56"},
  "membrane_element_fake": {:hex, :membrane_element_fake, "0.4.0", "64d171707afeba06b03e4d7891e5ee6e0a191a4fc0c7ecbd2c8af852a9074bb3", [:mix], [{:membrane_core, "~> 0.6.0", [hex: :membrane_core, repo: "hexpm", optional: false]}], "hexpm", "92dbac10153e94ccd2b4dd60ac68ead1b8e015e36330815927dbf7cab0c2a366"},
  "membrane_element_tee": {:hex, :membrane_element_tee, "0.4.1", "6420754a6e41230399a9a68216f93a0ab419e250680e759d1464c61ad7553288", [:mix], [{:bunch, "~> 1.0", [hex: :bunch, repo: "hexpm", optional: false]}, {:membrane_core, "~> 0.6.0", [hex: :membrane_core, repo: "hexpm", optional: false]}], "hexpm", "5467f970585f4caa79f7623ca2b4f22051ffe63ef362bb81bd6d8258da82654f"},
  "membrane_ffmpeg_swresample_plugin": {:hex, :membrane_ffmpeg_swresample_plugin, "0.5.0", "54d75f823de7bace0054a3c0b40b3b16fd939f3319e67810cfe24202556c03f0", [:mix], [{:bunch, "~> 1.3.0", [hex: :bunch, repo: "hexpm", optional: false]}, {:bundlex, "~> 0.4.0", [hex: :bundlex, repo: "hexpm", optional: false]}, {:membrane_caps_audio_raw, "~> 0.3.0", [hex: :membrane_caps_audio_raw, repo: "hexpm", optional: false]}, {:membrane_common_c, "~> 0.5.0", [hex: :membrane_common_c, repo: "hexpm", optional: false]}, {:membrane_core, "~> 0.6.0", [hex: :membrane_core, repo: "hexpm", optional: false]}, {:mockery, "~> 2.1", [hex: :mockery, repo: "hexpm", optional: false]}, {:unifex, "~> 0.3.2", [hex: :unifex, repo: "hexpm", optional: false]}], "hexpm", "c7240eb21aaa2d95fec08ef836bf81b0a4858655fdc095e5fb1b084549955463"},
  "membrane_file_plugin": {:hex, :membrane_file_plugin, "0.5.0", "11f2fbbc05450474ac1cb979f82ccb45a4567f83d9f6cd806a631bd30917309e", [:mix], [{:membrane_core, "~> 0.6.0", [hex: :membrane_core, repo: "hexpm", optional: false]}, {:mockery, "~> 2.2", [hex: :mockery, repo: "hexpm", optional: false]}], "hexpm", "e36e51ab8aeffef74aa8584798dc55b23491ee30c4e79c3f02df18763b7f8e9b"},
  "membrane_mp3_lame_plugin": {:hex, :membrane_mp3_lame_plugin, "0.6.0", "dbc8d649acecfc321d33ebfc7dbe2afb95a9e9b96537d068d3bc4d1a8a40c689", [:mix], [{:bunch, "~> 1.0", [hex: :bunch, repo: "hexpm", optional: false]}, {:membrane_caps_audio_mpeg, "~> 0.2.0", [hex: :membrane_caps_audio_mpeg, repo: "hexpm", optional: false]}, {:membrane_caps_audio_raw, "~> 0.3.0", [hex: :membrane_caps_audio_raw, repo: "hexpm", optional: false]}, {:membrane_common_c, "~> 0.5.0", [hex: :membrane_common_c, repo: "hexpm", optional: false]}, {:membrane_core, "~> 0.6.0", [hex: :membrane_core, repo: "hexpm", optional: false]}, {:unifex, "~> 0.3.2", [hex: :unifex, repo: "hexpm", optional: false]}], "hexpm", "f4a217c8494401c1e6b5748370218c7e188891e21a22f0a360d0bae6af9fe4e7"},
  "membrane_mp3_mad_plugin": {:hex, :membrane_mp3_mad_plugin, "0.5.0", "8907708311edc1504a78e3d12e327cf31a45771601973883eccd10e0830bf763", [:mix], [{:membrane_caps_audio_mpeg, "~> 0.2.0", [hex: :membrane_caps_audio_mpeg, repo: "hexpm", optional: false]}, {:membrane_caps_audio_raw, "~> 0.3.0", [hex: :membrane_caps_audio_raw, repo: "hexpm", optional: false]}, {:membrane_common_c, "~> 0.5.0", [hex: :membrane_common_c, repo: "hexpm", optional: false]}, {:membrane_core, "~> 0.6.0", [hex: :membrane_core, repo: "hexpm", optional: false]}, {:unifex, "~> 0.3.2", [hex: :unifex, repo: "hexpm", optional: false]}], "hexpm", "b2c2e91744453b4efb000ac6e756718a23f31b42c020f031e68a4e4be8e9de5d"},
  "membrane_portaudio_plugin": {:hex, :membrane_portaudio_plugin, "0.5.1", "a53a21677cc55db4fe2ea9c546dbced7ad3d9d9eec29ea3cb532ce55d8be8322", [:mix], [{:bunch, "~> 1.3.0", [hex: :bunch, repo: "hexpm", optional: false]}, {:bundlex, "~> 0.4.0", [hex: :bundlex, repo: "hexpm", optional: false]}, {:membrane_caps_audio_raw, "~> 0.3.0", [hex: :membrane_caps_audio_raw, repo: "hexpm", optional: false]}, {:membrane_common_c, "~> 0.5.0", [hex: :membrane_common_c, repo: "hexpm", optional: false]}, {:membrane_core, "~> 0.6.0", [hex: :membrane_core, repo: "hexpm", optional: false]}, {:mockery, "~> 2.1", [hex: :mockery, repo: "hexpm", optional: false]}, {:unifex, "~> 0.3.2", [hex: :unifex, repo: "hexpm", optional: false]}], "hexpm", "595038c295466f358157bdfd0f9939ab20ecefbedfca41ee3582efe3f3791b5e"},
  "mime": {:hex, :mime, "1.6.0", "dabde576a497cef4bbdd60aceee8160e02a6c89250d6c0b29e56c0dfb00db3d2", [:mix], [], "hexpm", "31a1a8613f8321143dde1dafc36006a17d28d02bdfecb9e95a880fa7aabd19a7"},
  "mockery": {:hex, :mockery, "2.3.1", "a02fd60b10ac9ed37a7a2ecf6786c1f1dd5c75d2b079a60594b089fba32dc087", [:mix], [], "hexpm", "1d0971d88ebf084e962da3f2cfee16f0ea8e04ff73a7710428500d4500b947fa"},
  "numbers": {:hex, :numbers, "5.2.4", "f123d5bb7f6acc366f8f445e10a32bd403c8469bdbce8ce049e1f0972b607080", [:mix], [{:coerce, "~> 1.0", [hex: :coerce, repo: "hexpm", optional: false]}, {:decimal, "~> 1.9 or ~> 2.0", [hex: :decimal, repo: "hexpm", optional: true]}], "hexpm", "eeccf5c61d5f4922198395bf87a465b6f980b8b862dd22d28198c5e6fab38582"},
  "phoenix": {:hex, :phoenix, "1.5.8", "71cfa7a9bb9a37af4df98939790642f210e35f696b935ca6d9d9c55a884621a4", [:mix], [{:jason, "~> 1.0", [hex: :jason, repo: "hexpm", optional: true]}, {:phoenix_html, "~> 2.13", [hex: :phoenix_html, repo: "hexpm", optional: true]}, {:phoenix_pubsub, "~> 2.0", [hex: :phoenix_pubsub, repo: "hexpm", optional: false]}, {:plug, "~> 1.10", [hex: :plug, repo: "hexpm", optional: false]}, {:plug_cowboy, "~> 1.0 or ~> 2.2", [hex: :plug_cowboy, repo: "hexpm", optional: true]}, {:plug_crypto, "~> 1.1.2 or ~> 1.2", [hex: :plug_crypto, repo: "hexpm", optional: false]}, {:telemetry, "~> 0.4", [hex: :telemetry, repo: "hexpm", optional: false]}], "hexpm", "35ded0a32f4836168c7ab6c33b88822eccd201bcd9492125a9bea4c54332d955"},
  "phoenix_ecto": {:hex, :phoenix_ecto, "4.2.1", "13f124cf0a3ce0f1948cf24654c7b9f2347169ff75c1123f44674afee6af3b03", [:mix], [{:ecto, "~> 3.0", [hex: :ecto, repo: "hexpm", optional: false]}, {:phoenix_html, "~> 2.14.2 or ~> 2.15", [hex: :phoenix_html, repo: "hexpm", optional: true]}, {:plug, "~> 1.0", [hex: :plug, repo: "hexpm", optional: false]}], "hexpm", "478a1bae899cac0a6e02be1deec7e2944b7754c04e7d4107fc5a517f877743c0"},
  "phoenix_html": {:hex, :phoenix_html, "2.14.3", "51f720d0d543e4e157ff06b65de38e13303d5778a7919bcc696599e5934271b8", [:mix], [{:plug, "~> 1.5", [hex: :plug, repo: "hexpm", optional: false]}], "hexpm", "efd697a7fff35a13eeeb6b43db884705cba353a1a41d127d118fda5f90c8e80f"},
  "phoenix_live_dashboard": {:hex, :phoenix_live_dashboard, "0.4.0", "87990e68b60213d7487e65814046f9a2bed4a67886c943270125913499b3e5c3", [:mix], [{:ecto_psql_extras, "~> 0.4.1 or ~> 0.5", [hex: :ecto_psql_extras, repo: "hexpm", optional: true]}, {:phoenix_html, "~> 2.14.1 or ~> 2.15", [hex: :phoenix_html, repo: "hexpm", optional: false]}, {:phoenix_live_view, "~> 0.15.0", [hex: :phoenix_live_view, repo: "hexpm", optional: false]}, {:telemetry_metrics, "~> 0.4.0 or ~> 0.5.0 or ~> 0.6.0", [hex: :telemetry_metrics, repo: "hexpm", optional: false]}], "hexpm", "8d52149e58188e9e4497cc0d8900ab94d9b66f96998ec38c47c7a4f8f4f50e57"},
  "phoenix_live_reload": {:hex, :phoenix_live_reload, "1.3.1", "9eba6ad16bd80c45f338b2059c7b255ce30784d76f4181304e7b78640e5a7513", [:mix], [{:file_system, "~> 0.2.1 or ~> 0.3", [hex: :file_system, repo: "hexpm", optional: false]}, {:phoenix, "~> 1.4", [hex: :phoenix, repo: "hexpm", optional: false]}], "hexpm", "f3ae26b5abb85a1cb2bc8bb199e29fbcefb34259e469b31fe0c6323f2175a5ef"},
  "phoenix_live_view": {:hex, :phoenix_live_view, "0.15.5", "153f15022ff03162201cfbd3de73115f3a6e868bc8a3c07b86a8e984de6a57e2", [:mix], [{:jason, "~> 1.0", [hex: :jason, repo: "hexpm", optional: true]}, {:phoenix, "~> 1.5.7", [hex: :phoenix, repo: "hexpm", optional: false]}, {:phoenix_html, "~> 2.14", [hex: :phoenix_html, repo: "hexpm", optional: false]}, {:telemetry, "~> 0.4.2 or ~> 0.5", [hex: :telemetry, repo: "hexpm", optional: false]}], "hexpm", "00c80cf27365bdeb44c694b1dc8cf950b4b26141307df340d39a9be47d8dc1ef"},
  "phoenix_pubsub": {:hex, :phoenix_pubsub, "2.0.0", "a1ae76717bb168cdeb10ec9d92d1480fec99e3080f011402c0a2d68d47395ffb", [:mix], [], "hexpm", "c52d948c4f261577b9c6fa804be91884b381a7f8f18450c5045975435350f771"},
  "plug": {:hex, :plug, "1.11.1", "f2992bac66fdae679453c9e86134a4201f6f43a687d8ff1cd1b2862d53c80259", [:mix], [{:mime, "~> 1.0", [hex: :mime, repo: "hexpm", optional: false]}, {:plug_crypto, "~> 1.1.1 or ~> 1.2", [hex: :plug_crypto, repo: "hexpm", optional: false]}, {:telemetry, "~> 0.4", [hex: :telemetry, repo: "hexpm", optional: false]}], "hexpm", "23524e4fefbb587c11f0833b3910bfb414bf2e2534d61928e920f54e3a1b881f"},
  "plug_cowboy": {:hex, :plug_cowboy, "2.5.0", "51c998f788c4e68fc9f947a5eba8c215fbb1d63a520f7604134cab0270ea6513", [:mix], [{:cowboy, "~> 2.7", [hex: :cowboy, repo: "hexpm", optional: false]}, {:cowboy_telemetry, "~> 0.3", [hex: :cowboy_telemetry, repo: "hexpm", optional: false]}, {:plug, "~> 1.7", [hex: :plug, repo: "hexpm", optional: false]}, {:telemetry, "~> 0.4", [hex: :telemetry, repo: "hexpm", optional: false]}], "hexpm", "5b2c8925a5e2587446f33810a58c01e66b3c345652eeec809b76ba007acde71a"},
  "plug_crypto": {:hex, :plug_crypto, "1.2.2", "05654514ac717ff3a1843204b424477d9e60c143406aa94daf2274fdd280794d", [:mix], [], "hexpm", "87631c7ad914a5a445f0a3809f99b079113ae4ed4b867348dd9eec288cecb6db"},
  "postgrex": {:hex, :postgrex, "0.15.8", "f5e782bbe5e8fa178d5e3cd1999c857dc48eda95f0a4d7f7bd92a50e84a0d491", [:mix], [{:connection, "~> 1.0", [hex: :connection, repo: "hexpm", optional: false]}, {:db_connection, "~> 2.1", [hex: :db_connection, repo: "hexpm", optional: false]}, {:decimal, "~> 1.5 or ~> 2.0", [hex: :decimal, repo: "hexpm", optional: false]}, {:jason, "~> 1.0", [hex: :jason, repo: "hexpm", optional: true]}], "hexpm", "698fbfacea34c4cf22c8281abeb5cf68d99628d541874f085520ab3b53d356fe"},
  "qex": {:hex, :qex, "0.5.0", "5a3a9becf67d4006377c4c247ffdaaa8ae5b3634a0caadb788dc24d6125068f4", [:mix], [], "hexpm", "4ad6f6421163cd8204509a119a5c9813cbb969cfb8d802a9dc49b968bffbac2a"},
  "ranch": {:hex, :ranch, "1.7.1", "6b1fab51b49196860b733a49c07604465a47bdb78aa10c1c16a3d199f7f8c881", [:rebar3], [], "hexpm", "451d8527787df716d99dc36162fca05934915db0b6141bbdac2ea8d3c7afc7d7"},
  "ratio": {:hex, :ratio, "2.4.2", "c8518f3536d49b1b00d88dd20d49f8b11abb7819638093314a6348139f14f9f9", [:mix], [{:decimal, "~> 1.6 or ~> 2.0", [hex: :decimal, repo: "hexpm", optional: true]}, {:numbers, "~> 5.2.0", [hex: :numbers, repo: "hexpm", optional: false]}], "hexpm", "441ef6f73172a3503de65ccf1769030997b0d533b1039422f1e5e0e0b4cbf89e"},
  "secure_random": {:hex, :secure_random, "0.5.1", "c5532b37c89d175c328f5196a0c2a5680b15ebce3e654da37129a9fe40ebf51b", [:mix], [], "hexpm", "1b9754f15e3940a143baafd19da12293f100044df69ea12db5d72878312ae6ab"},
  "shmex": {:hex, :shmex, "0.3.0", "5b995fa0bba3ff48fb9a93fdd116f5e6f7c0012da00775564a8d29d199618b8c", [:mix], [{:bunch_native, "~> 0.3.0", [hex: :bunch_native, repo: "hexpm", optional: false]}, {:bundlex, "~> 0.4.0", [hex: :bundlex, repo: "hexpm", optional: false]}], "hexpm", "05b2cc456eb549bd40a53bf641c47008acba0185f25c1906b934b0b91c36f1c4"},
  "telemetry": {:hex, :telemetry, "0.4.3", "a06428a514bdbc63293cd9a6263aad00ddeb66f608163bdec7c8995784080818", [:rebar3], [], "hexpm", "eb72b8365ffda5bed68a620d1da88525e326cb82a75ee61354fc24b844768041"},
  "telemetry_metrics": {:hex, :telemetry_metrics, "0.6.0", "da9d49ee7e6bb1c259d36ce6539cd45ae14d81247a2b0c90edf55e2b50507f7b", [:mix], [{:telemetry, "~> 0.4", [hex: :telemetry, repo: "hexpm", optional: false]}], "hexpm", "5cfe67ad464b243835512aa44321cee91faed6ea868d7fb761d7016e02915c3d"},
  "telemetry_poller": {:hex, :telemetry_poller, "0.5.1", "21071cc2e536810bac5628b935521ff3e28f0303e770951158c73eaaa01e962a", [:rebar3], [{:telemetry, "~> 0.4", [hex: :telemetry, repo: "hexpm", optional: false]}], "hexpm", "4cab72069210bc6e7a080cec9afffad1b33370149ed5d379b81c7c5f0c663fd4"},
  "unifex": {:hex, :unifex, "0.3.3", "d2b671426bd9951cb739c1fff9ce1993b6a07d10ef741f9ae76fd8ecb7e72427", [:mix], [{:bunch, "~> 1.0", [hex: :bunch, repo: "hexpm", optional: false]}, {:bundlex, "~> 0.4.0", [hex: :bundlex, repo: "hexpm", optional: false]}, {:shmex, "~> 0.3.0", [hex: :shmex, repo: "hexpm", optional: false]}], "hexpm", "4527805864f93543dd3665abb8b7a61820f1362845ab0c3663f92e418e616a84"},
}
